{
  "name": "mms",
  "version": "1.0.0",
  "lockfileVersion": 1,
  "requires": true,
  "dependencies": {
    "@types/long": {
      "version": "4.0.0",
      "resolved": "https://registry.npmjs.org/@types/long/-/long-4.0.0.tgz",
      "integrity": "sha512-1w52Nyx4Gq47uuu0EVcsHBxZFJgurQ+rTKS3qMHxR1GY2T8c2AJYd6vZoZ9q1rupaDjU0yT+Jc2XTyXkjeMA+Q=="
    },
    "@types/node": {
      "version": "13.1.7",
      "resolved": "https://registry.npmjs.org/@types/node/-/node-13.1.7.tgz",
      "integrity": "sha512-HU0q9GXazqiKwviVxg9SI/+t/nAsGkvLDkIdxz+ObejG2nX6Si00TeLqHMoS+a/1tjH7a8YpKVQwtgHuMQsldg=="
    },
    "adm-zip": {
      "version": "0.4.13",
      "resolved": "https://registry.npmjs.org/adm-zip/-/adm-zip-0.4.13.tgz",
      "integrity": "sha512-fERNJX8sOXfel6qCBCMPvZLzENBEhZTzKqg6vrOW5pvoEaQuJhRU4ndTAh6lHOxn1I6jnz2NHra56ZODM751uw=="
    },
    "cassandra-driver": {
      "version": "4.3.1",
      "resolved": "https://registry.npmjs.org/cassandra-driver/-/cassandra-driver-4.3.1.tgz",
      "integrity": "sha512-4Yuf9UkmwidiXKdAb4AgkC92CcUhP4hNUNaMNnKMGA3MRMQj2ZCEL6BR0/PrMPkYGC5faMPHJ4YzWAu3FFvM6g==",
      "requires": {
        "@types/long": "^4.0.0",
        "@types/node": ">=4",
        "adm-zip": "^0.4.13",
        "long": "^2.2.0"
      }
    },
    "long": {
      "version": "2.4.0",
      "resolved": "https://registry.npmjs.org/long/-/long-2.4.0.tgz",
      "integrity": "sha1-n6GAux2VAM3CnEFWdmoZleH0Uk8="
    }
  }
}
